
Microsoft Visual Studio Solution File, Format Version 12.00
# Visual Studio 15
VisualStudioVersion = 15.0.27703.2026
MinimumVisualStudioVersion = 10.0.40219.1
Project("{151D2E53-A2C4-4D7D-83FE-D05416EBD58E}") = "HABrokerfinal", "HABrokerfinal\HABrokerfinal.deployproj", "{08409608-27B7-490A-8792-812554BEAF64}"
EndProject
Global
	GlobalSection(SolutionConfigurationPlatforms) = preSolution
		Debug|Any CPU = Debug|Any CPU
		Release|Any CPU = Release|Any CPU
	EndGlobalSection
	GlobalSection(ProjectConfigurationPlatforms) = postSolution
		{08409608-27B7-490A-8792-812554BEAF64}.Debug|Any CPU.ActiveCfg = Debug|Any CPU
		{08409608-27B7-490A-8792-812554BEAF64}.Debug|Any CPU.Build.0 = Debug|Any CPU
		{08409608-27B7-490A-8792-812554BEAF64}.Release|Any CPU.ActiveCfg = Release|Any CPU
		{08409608-27B7-490A-8792-812554BEAF64}.Release|Any CPU.Build.0 = Release|Any CPU
	EndGlobalSection
	GlobalSection(SolutionProperties) = preSolution
		HideSolutionNode = FALSE
	EndGlobalSection
	GlobalSection(ExtensibilityGlobals) = postSolution
		SolutionGuid = {51874FA0-7108-4180-BBBF-4AD19A9D78EE}
	EndGlobalSection
EndGlobal
